
Microsoft Visual Studio Solution File, Format Version 12.00
# Visual Studio Version 16
VisualStudioVersion = 16.0.30804.86
MinimumVisualStudioVersion = 10.0.40219.1
Project("{9A19103F-16F7-4668-BE54-9A1E7A4F7556}") = "HotelDBConsole21", "HotelDB21\HotelDBConsole21.csproj", "{43365A91-031E-4CBE-A2CC-06816A6D4D6D}"
EndProject
Project("{9A19103F-16F7-4668-BE54-9A1E7A4F7556}") = "HotelRazor21_ADO", "HotelRazor21_ADO\HotelRazor21_ADO.csproj", "{F316072B-11B4-40EE-8E73-BBF7366DE036}"
EndProject
Project("{9A19103F-16F7-4668-BE54-9A1E7A4F7556}") = "RazorHotelDBasync", "RazorHotelDBasync\RazorHotelDBasync.csproj", "{885AC6C7-9D76-4F77-94C5-807B3ECBCBED}"
EndProject
Project("{FAE04EC0-301F-11D3-BF4B-00C04F79EFBC}") = "UnitTestRazorHotelDBAsync", "UnitTestRazorHotelDBAsync\UnitTestRazorHotelDBAsync.csproj", "{2A319C51-8109-4730-8E3B-04D67A6A889E}"
EndProject
Global
	GlobalSection(SolutionConfigurationPlatforms) = preSolution
		Debug|Any CPU = Debug|Any CPU
		Release|Any CPU = Release|Any CPU
	EndGlobalSection
	GlobalSection(ProjectConfigurationPlatforms) = postSolution
		{43365A91-031E-4CBE-A2CC-06816A6D4D6D}.Debug|Any CPU.ActiveCfg = Debug|Any CPU
		{43365A91-031E-4CBE-A2CC-06816A6D4D6D}.Debug|Any CPU.Build.0 = Debug|Any CPU
		{43365A91-031E-4CBE-A2CC-06816A6D4D6D}.Release|Any CPU.ActiveCfg = Release|Any CPU
		{43365A91-031E-4CBE-A2CC-06816A6D4D6D}.Release|Any CPU.Build.0 = Release|Any CPU
		{F316072B-11B4-40EE-8E73-BBF7366DE036}.Debug|Any CPU.ActiveCfg = Debug|Any CPU
		{F316072B-11B4-40EE-8E73-BBF7366DE036}.Debug|Any CPU.Build.0 = Debug|Any CPU
		{F316072B-11B4-40EE-8E73-BBF7366DE036}.Release|Any CPU.ActiveCfg = Release|Any CPU
		{F316072B-11B4-40EE-8E73-BBF7366DE036}.Release|Any CPU.Build.0 = Release|Any CPU
		{885AC6C7-9D76-4F77-94C5-807B3ECBCBED}.Debug|Any CPU.ActiveCfg = Debug|Any CPU
		{885AC6C7-9D76-4F77-94C5-807B3ECBCBED}.Debug|Any CPU.Build.0 = Debug|Any CPU
		{885AC6C7-9D76-4F77-94C5-807B3ECBCBED}.Release|Any CPU.ActiveCfg = Release|Any CPU
		{885AC6C7-9D76-4F77-94C5-807B3ECBCBED}.Release|Any CPU.Build.0 = Release|Any CPU
		{2A319C51-8109-4730-8E3B-04D67A6A889E}.Debug|Any CPU.ActiveCfg = Debug|Any CPU
		{2A319C51-8109-4730-8E3B-04D67A6A889E}.Debug|Any CPU.Build.0 = Debug|Any CPU
		{2A319C51-8109-4730-8E3B-04D67A6A889E}.Release|Any CPU.ActiveCfg = Release|Any CPU
		{2A319C51-8109-4730-8E3B-04D67A6A889E}.Release|Any CPU.Build.0 = Release|Any CPU
	EndGlobalSection
	GlobalSection(SolutionProperties) = preSolution
		HideSolutionNode = FALSE
	EndGlobalSection
	GlobalSection(ExtensibilityGlobals) = postSolution
		SolutionGuid = {ABC90793-862B-4139-AF41-E8D70C1FF6AB}
	EndGlobalSection
EndGlobal
